
Microsoft Visual Studio Solution File, Format Version 12.00
# Visual Studio Version 17
VisualStudioVersion = 17.0.31903.59
MinimumVisualStudioVersion = 10.0.40219.1
Project("{9A19103F-16F7-4668-BE54-9A1E7A4F7556}") = "exercise.wwwapp", "exercise.wwwapp\exercise.wwwapp.csproj", "{60707D6E-7226-4C40-85D5-DB84546F6343}"
EndProject
Project("{2150E333-8FDC-42A3-9474-1A3956D46DE8}") = "Solution Items", "Solution Items", "{3D234437-897D-41F5-A4DA-AEB2C1EC0D4F}"
	ProjectSection(SolutionItems) = preProject
		.gitignore = .gitignore
		README.md = README.md
	EndProjectSection
EndProject
Global
	GlobalSection(SolutionConfigurationPlatforms) = preSolution
		Debug|Any CPU = Debug|Any CPU
		Release|Any CPU = Release|Any CPU
	EndGlobalSection
	GlobalSection(ProjectConfigurationPlatforms) = postSolution
		{60707D6E-7226-4C40-85D5-DB84546F6343}.Debug|Any CPU.ActiveCfg = Debug|Any CPU
		{60707D6E-7226-4C40-85D5-DB84546F6343}.Debug|Any CPU.Build.0 = Debug|Any CPU
		{60707D6E-7226-4C40-85D5-DB84546F6343}.Release|Any CPU.ActiveCfg = Release|Any CPU
		{60707D6E-7226-4C40-85D5-DB84546F6343}.Release|Any CPU.Build.0 = Release|Any CPU
	EndGlobalSection
	GlobalSection(SolutionProperties) = preSolution
		HideSolutionNode = FALSE
	EndGlobalSection
	GlobalSection(ExtensibilityGlobals) = postSolution
		SolutionGuid = {8727C52E-F0E3-4A92-BCE7-8BEE54F0E84C}
	EndGlobalSection
EndGlobal
